Microsoft Visual Studio Solution File, Format Version 12.00
# Visual Studio Version 17
VisualStudioVersion = 17.5.2.0
MinimumVisualStudioVersion = 10.0.40219.1
Project("{FAE04EC0-301F-11D3-BF4B-00C04F79EFBC}") = "ThinMPm", "ThinMPm.csproj", "{8D7E3C30-1326-673C-E992-CAC10580D31B}"
EndProject
Global
	GlobalSection(SolutionConfigurationPlatforms) = preSolution
		Debug|Any CPU = Debug|Any CPU
		Release|Any CPU = Release|Any CPU
	EndGlobalSection
	GlobalSection(ProjectConfigurationPlatforms) = postSolution
		{8D7E3C30-1326-673C-E992-CAC10580D31B}.Debug|Any CPU.ActiveCfg = Debug|Any CPU
		{8D7E3C30-1326-673C-E992-CAC10580D31B}.Debug|Any CPU.Build.0 = Debug|Any CPU
		{8D7E3C30-1326-673C-E992-CAC10580D31B}.Release|Any CPU.ActiveCfg = Release|Any CPU
		{8D7E3C30-1326-673C-E992-CAC10580D31B}.Release|Any CPU.Build.0 = Release|Any CPU
	EndGlobalSection
	GlobalSection(SolutionProperties) = preSolution
		HideSolutionNode = FALSE
	EndGlobalSection
	GlobalSection(ExtensibilityGlobals) = postSolution
		SolutionGuid = {A6D50A3B-0048-427A-8E5B-D70C4F96007C}
	EndGlobalSection
EndGlobal
